
Microsoft Visual Studio Solution File, Format Version 12.00
# Visual Studio Version 17
VisualStudioVersion = 17.3.32901.215
MinimumVisualStudioVersion = 10.0.40219.1
Project("{FAE04EC0-301F-11D3-BF4B-00C04F79EFBC}") = "EmpresaNavidadORM", "EmpresaNavidadORM.csproj", "{42D2E2C8-9DB8-4340-9CA4-52E0D5F25039}"
EndProject
Global
	GlobalSection(SolutionConfigurationPlatforms) = preSolution
		Debug|Any CPU = Debug|Any CPU
		Release|Any CPU = Release|Any CPU
	EndGlobalSection
	GlobalSection(ProjectConfigurationPlatforms) = postSolution
		{42D2E2C8-9DB8-4340-9CA4-52E0D5F25039}.Debug|Any CPU.ActiveCfg = Debug|Any CPU
		{42D2E2C8-9DB8-4340-9CA4-52E0D5F25039}.Debug|Any CPU.Build.0 = Debug|Any CPU
		{42D2E2C8-9DB8-4340-9CA4-52E0D5F25039}.Release|Any CPU.ActiveCfg = Release|Any CPU
		{42D2E2C8-9DB8-4340-9CA4-52E0D5F25039}.Release|Any CPU.Build.0 = Release|Any CPU
	EndGlobalSection
	GlobalSection(SolutionProperties) = preSolution
		HideSolutionNode = FALSE
	EndGlobalSection
	GlobalSection(ExtensibilityGlobals) = postSolution
		SolutionGuid = {EDB5D0D3-D700-4F95-81BC-EA21D80B9001}
	EndGlobalSection
EndGlobal
